# THIS IS AN AUTOGENERATED FILE. DO NOT EDIT THIS FILE DIRECTLY.
# yarn lockfile v1


modern-normalize@^1.1.0:
  version "1.1.0"
  resolved "https://registry.yarnpkg.com/modern-normalize/-/modern-normalize-1.1.0.tgz#da8e80140d9221426bd4f725c6e11283d34f90b7"
  integrity sha512-2lMlY1Yc1+CUy0gw4H95uNN7vjbpoED7NNRSBHE25nWfLBdmMzFCsPshlzbxHz+gYMcBEUN8V4pU16prcdPSgA==
